
Microsoft Visual Studio Solution File, Format Version 12.00
# Visual Studio 15
VisualStudioVersion = 15.0.28307.1022
MinimumVisualStudioVersion = 10.0.40219.1
Project("{8BC9CEB8-8B4A-11D0-8D11-00A0C91BC942}") = "test4_14", "test4_14\test4_14.vcxproj", "{60DF450F-37D3-457B-833F-563ADFC0FAAD}"
EndProject
Project("{8BC9CEB8-8B4A-11D0-8D11-00A0C91BC942}") = "test4_13", "..\test4_13\test4_13\test4_13.vcxproj", "{5B59B9DE-7F77-49EE-9E03-D69A5CE6328A}"
EndProject
Global
	GlobalSection(SolutionConfigurationPlatforms) = preSolution
		Debug|x64 = Debug|x64
		Debug|x86 = Debug|x86
		Release|x64 = Release|x64
		Release|x86 = Release|x86
	EndGlobalSection
	GlobalSection(ProjectConfigurationPlatforms) = postSolution
		{60DF450F-37D3-457B-833F-563ADFC0FAAD}.Debug|x64.ActiveCfg = Debug|x64
		{60DF450F-37D3-457B-833F-563ADFC0FAAD}.Debug|x64.Build.0 = Debug|x64
		{60DF450F-37D3-457B-833F-563ADFC0FAAD}.Debug|x86.ActiveCfg = Debug|Win32
		{60DF450F-37D3-457B-833F-563ADFC0FAAD}.Debug|x86.Build.0 = Debug|Win32
		{60DF450F-37D3-457B-833F-563ADFC0FAAD}.Release|x64.ActiveCfg = Release|x64
		{60DF450F-37D3-457B-833F-563ADFC0FAAD}.Release|x64.Build.0 = Release|x64
		{60DF450F-37D3-457B-833F-563ADFC0FAAD}.Release|x86.ActiveCfg = Release|Win32
		{60DF450F-37D3-457B-833F-563ADFC0FAAD}.Release|x86.Build.0 = Release|Win32
		{5B59B9DE-7F77-49EE-9E03-D69A5CE6328A}.Debug|x64.ActiveCfg = Debug|x64
		{5B59B9DE-7F77-49EE-9E03-D69A5CE6328A}.Debug|x64.Build.0 = Debug|x64
		{5B59B9DE-7F77-49EE-9E03-D69A5CE6328A}.Debug|x86.ActiveCfg = Debug|Win32
		{5B59B9DE-7F77-49EE-9E03-D69A5CE6328A}.Debug|x86.Build.0 = Debug|Win32
		{5B59B9DE-7F77-49EE-9E03-D69A5CE6328A}.Release|x64.ActiveCfg = Release|x64
		{5B59B9DE-7F77-49EE-9E03-D69A5CE6328A}.Release|x64.Build.0 = Release|x64
		{5B59B9DE-7F77-49EE-9E03-D69A5CE6328A}.Release|x86.ActiveCfg = Release|Win32
		{5B59B9DE-7F77-49EE-9E03-D69A5CE6328A}.Release|x86.Build.0 = Release|Win32
	EndGlobalSection
	GlobalSection(SolutionProperties) = preSolution
		HideSolutionNode = FALSE
	EndGlobalSection
	GlobalSection(ExtensibilityGlobals) = postSolution
		SolutionGuid = {DF515798-BFC5-4E30-8B2F-AC0F410EF63F}
	EndGlobalSection
EndGlobal
