
Microsoft Visual Studio Solution File, Format Version 12.00
# Visual Studio 15
VisualStudioVersion = 15.0.28307.1022
MinimumVisualStudioVersion = 10.0.40219.1
Project("{8BC9CEB8-8B4A-11D0-8D11-00A0C91BC942}") = "test4_16", "test4_16\test4_16.vcxproj", "{7084B55D-E4F1-4761-ACE3-41294C419EEC}"
EndProject
Global
	GlobalSection(SolutionConfigurationPlatforms) = preSolution
		Debug|x64 = Debug|x64
		Debug|x86 = Debug|x86
		Release|x64 = Release|x64
		Release|x86 = Release|x86
	EndGlobalSection
	GlobalSection(ProjectConfigurationPlatforms) = postSolution
		{7084B55D-E4F1-4761-ACE3-41294C419EEC}.Debug|x64.ActiveCfg = Debug|x64
		{7084B55D-E4F1-4761-ACE3-41294C419EEC}.Debug|x64.Build.0 = Debug|x64
		{7084B55D-E4F1-4761-ACE3-41294C419EEC}.Debug|x86.ActiveCfg = Debug|Win32
		{7084B55D-E4F1-4761-ACE3-41294C419EEC}.Debug|x86.Build.0 = Debug|Win32
		{7084B55D-E4F1-4761-ACE3-41294C419EEC}.Release|x64.ActiveCfg = Release|x64
		{7084B55D-E4F1-4761-ACE3-41294C419EEC}.Release|x64.Build.0 = Release|x64
		{7084B55D-E4F1-4761-ACE3-41294C419EEC}.Release|x86.ActiveCfg = Release|Win32
		{7084B55D-E4F1-4761-ACE3-41294C419EEC}.Release|x86.Build.0 = Release|Win32
	EndGlobalSection
	GlobalSection(SolutionProperties) = preSolution
		HideSolutionNode = FALSE
	EndGlobalSection
	GlobalSection(ExtensibilityGlobals) = postSolution
		SolutionGuid = {491D2336-234F-4EA8-8C8B-CE337A3FA80E}
	EndGlobalSection
EndGlobal
